
Microsoft Visual Studio Solution File, Format Version 12.00
# Visual Studio Version 17
VisualStudioVersion = 17.3.32929.385
MinimumVisualStudioVersion = 10.0.40219.1
Project("{9A19103F-16F7-4668-BE54-9A1E7A4F7556}") = "UppyDemo", "UppyDemo.csproj", "{7287B025-5542-49F3-A27C-3B281551EE1D}"
EndProject
Global
	GlobalSection(SolutionConfigurationPlatforms) = preSolution
		Debug|Any CPU = Debug|Any CPU
		Release|Any CPU = Release|Any CPU
	EndGlobalSection
	GlobalSection(ProjectConfigurationPlatforms) = postSolution
		{7287B025-5542-49F3-A27C-3B281551EE1D}.Debug|Any CPU.ActiveCfg = Debug|Any CPU
		{7287B025-5542-49F3-A27C-3B281551EE1D}.Debug|Any CPU.Build.0 = Debug|Any CPU
		{7287B025-5542-49F3-A27C-3B281551EE1D}.Release|Any CPU.ActiveCfg = Release|Any CPU
		{7287B025-5542-49F3-A27C-3B281551EE1D}.Release|Any CPU.Build.0 = Release|Any CPU
	EndGlobalSection
	GlobalSection(SolutionProperties) = preSolution
		HideSolutionNode = FALSE
	EndGlobalSection
	GlobalSection(ExtensibilityGlobals) = postSolution
		SolutionGuid = {D784903F-9781-454F-A0CF-9C36B69A8646}
	EndGlobalSection
EndGlobal
